# @generated - this file is auto-generated by `mise lock` https://mise.jdx.dev/dev-tools/mise-lock.html

[[tools.gh]]
version = "2.97.0"
backend = "aqua:cli/cli"

[tools.gh."platforms.linux-x64"]
checksum = "sha256:a2c9b8497e1f85b1ad0dfcb78b5a622e098801b8e461e459e88e1ee12f018112"
url = "https://github.com/cli/cli/releases/download/v2.97.0/gh_2.97.0_linux_amd64.tar.gz"
url_api = "https://api.github.com/repos/cli/cli/releases/assets/496108269"
provenance = "github-attestations"

[[tools."github:openai/tunnel-client"]]
version = "0.0.11"
backend = "github:openai/tunnel-client"

[tools."github:openai/tunnel-client"."platforms.linux-x64"]
checksum = "sha256:29adfe5c1399dfb9fda9383f230c324355912f50dc36e2e416b1f1322317b3c4"
url = "https://github.com/openai/tunnel-client/releases/download/v0.0.11/tunnel-client-v0.0.11-linux-amd64.zip"
url_api = "https://api.github.com/repos/openai/tunnel-client/releases/assets/504789964"

[[tools.node]]
version = "24.19.0"
backend = "core:node"

[tools.node."platforms.linux-x64"]
checksum = "sha256:f625d97cd707df4ff96254916fbc5ff014f09c09effe5a1e0ca8f6d41a8789d4"
url = "https://nodejs.org/dist/v24.19.0/node-v24.19.0-linux-x64.tar.gz"

[[tools.python]]
version = "3.14.7"
backend = "core:python"

[tools.python."platforms.linux-x64"]
checksum = "sha256:cefba034445d2875408d1fd4d5700ae6731563aeb54dcb39fd8164ab5c457533"
url = "https://github.com/astral-sh/python-build-standalone/releases/download/20260814/cpython-3.14.7+20260814-x86_64-unknown-linux-gnu-install_only_stripped.tar.gz"
provenance = "github-attestations"

[[tools.rust]]
version = "1.97.1"
backend = "core:rust"

[[tools.uv]]
version = "0.12.5"
backend = "aqua:astral-sh/uv"

[tools.uv."platforms.linux-x64"]
checksum = "sha256:a4742988791c9aeae68c78150d6cba762062ad2a47e53738c2779d2b596bfcdb"
url = "https://github.com/astral-sh/uv/releases/download/0.12.5/uv-x86_64-unknown-linux-musl.tar.gz"
url_api = "https://api.github.com/repos/astral-sh/uv/releases/assets/514851105"
provenance = "github-attestations"
